
Microsoft Visual Studio Solution File, Format Version 12.00
# Visual Studio 15
VisualStudioVersion = 15.0.26730.10
MinimumVisualStudioVersion = 10.0.40219.1
Project("{FAE04EC0-301F-11D3-BF4B-00C04F79EFBC}") = "WebJobs.ContextResolver", "WebJobs.ContextResolver\WebJobs.ContextResolver.csproj", "{0FB1AE86-ED24-4261-A109-3E04907E6B48}"
EndProject
Project("{FAE04EC0-301F-11D3-BF4B-00C04F79EFBC}") = "WebJobs.ContextResolver.Sample", "WebJobs.ContextResolver.Sample\WebJobs.ContextResolver.Sample.csproj", "{5B203D06-FE22-43E6-8092-9A2D0E0E5596}"
EndProject
Global
	GlobalSection(SolutionConfigurationPlatforms) = preSolution
		Debug|Any CPU = Debug|Any CPU
		Release|Any CPU = Release|Any CPU
	EndGlobalSection
	GlobalSection(ProjectConfigurationPlatforms) = postSolution
		{0FB1AE86-ED24-4261-A109-3E04907E6B48}.Debug|Any CPU.ActiveCfg = Debug|Any CPU
		{0FB1AE86-ED24-4261-A109-3E04907E6B48}.Debug|Any CPU.Build.0 = Debug|Any CPU
		{0FB1AE86-ED24-4261-A109-3E04907E6B48}.Release|Any CPU.ActiveCfg = Release|Any CPU
		{0FB1AE86-ED24-4261-A109-3E04907E6B48}.Release|Any CPU.Build.0 = Release|Any CPU
		{5B203D06-FE22-43E6-8092-9A2D0E0E5596}.Debug|Any CPU.ActiveCfg = Debug|Any CPU
		{5B203D06-FE22-43E6-8092-9A2D0E0E5596}.Debug|Any CPU.Build.0 = Debug|Any CPU
		{5B203D06-FE22-43E6-8092-9A2D0E0E5596}.Release|Any CPU.ActiveCfg = Release|Any CPU
		{5B203D06-FE22-43E6-8092-9A2D0E0E5596}.Release|Any CPU.Build.0 = Release|Any CPU
	EndGlobalSection
	GlobalSection(SolutionProperties) = preSolution
		HideSolutionNode = FALSE
	EndGlobalSection
	GlobalSection(ExtensibilityGlobals) = postSolution
		SolutionGuid = {EA7C5055-422A-4567-A6F9-6AECDEA03C6E}
	EndGlobalSection
EndGlobal
